
Microsoft Visual Studio Solution File, Format Version 12.00
# Visual Studio Version 17
VisualStudioVersion = 17.13.35825.156 d17.13
MinimumVisualStudioVersion = 10.0.40219.1
Project("{FAE04EC0-301F-11D3-BF4B-00C04F79EFBC}") = "ECommerceApp", "ECommerceApp\ECommerceApp.csproj", "{598FF5A9-4B8B-4777-B650-FA4EB06BF3EB}"
EndProject
Global
	GlobalSection(SolutionConfigurationPlatforms) = preSolution
		Debug|Any CPU = Debug|Any CPU
		Release|Any CPU = Release|Any CPU
	EndGlobalSection
	GlobalSection(ProjectConfigurationPlatforms) = postSolution
		{598FF5A9-4B8B-4777-B650-FA4EB06BF3EB}.Debug|Any CPU.ActiveCfg = Debug|Any CPU
		{598FF5A9-4B8B-4777-B650-FA4EB06BF3EB}.Debug|Any CPU.Build.0 = Debug|Any CPU
		{598FF5A9-4B8B-4777-B650-FA4EB06BF3EB}.Release|Any CPU.ActiveCfg = Release|Any CPU
		{598FF5A9-4B8B-4777-B650-FA4EB06BF3EB}.Release|Any CPU.Build.0 = Release|Any CPU
	EndGlobalSection
	GlobalSection(SolutionProperties) = preSolution
		HideSolutionNode = FALSE
	EndGlobalSection
	GlobalSection(ExtensibilityGlobals) = postSolution
		SolutionGuid = {7F45E5FC-E664-40D3-8764-9B5184E2AD8E}
	EndGlobalSection
EndGlobal
